
Microsoft Visual Studio Solution File, Format Version 12.00
# Visual Studio Version 17
VisualStudioVersion = 17.4.33205.214
MinimumVisualStudioVersion = 10.0.40219.1
Project("{FAE04EC0-301F-11D3-BF4B-00C04F79EFBC}") = "AspNetIdentitySample.WebApp", "src\AspNetIdentitySample.WebApp\AspNetIdentitySample.WebApp.csproj", "{97BF4484-57C8-4C30-9F3A-62DE60D8E558}"
EndProject
Project("{FAE04EC0-301F-11D3-BF4B-00C04F79EFBC}") = "AspNetIdentitySample.Test", "test\AspNetIdentitySample.Test\AspNetIdentitySample.Test.csproj", "{2927EA4F-44EF-45DB-9BD1-D40252619441}"
EndProject
Global
	GlobalSection(SolutionConfigurationPlatforms) = preSolution
		Debug|Any CPU = Debug|Any CPU
		Release|Any CPU = Release|Any CPU
	EndGlobalSection
	GlobalSection(ProjectConfigurationPlatforms) = postSolution
		{97BF4484-57C8-4C30-9F3A-62DE60D8E558}.Debug|Any CPU.ActiveCfg = Debug|Any CPU
		{97BF4484-57C8-4C30-9F3A-62DE60D8E558}.Debug|Any CPU.Build.0 = Debug|Any CPU
		{97BF4484-57C8-4C30-9F3A-62DE60D8E558}.Release|Any CPU.ActiveCfg = Release|Any CPU
		{97BF4484-57C8-4C30-9F3A-62DE60D8E558}.Release|Any CPU.Build.0 = Release|Any CPU
		{2927EA4F-44EF-45DB-9BD1-D40252619441}.Debug|Any CPU.ActiveCfg = Debug|Any CPU
		{2927EA4F-44EF-45DB-9BD1-D40252619441}.Debug|Any CPU.Build.0 = Debug|Any CPU
		{2927EA4F-44EF-45DB-9BD1-D40252619441}.Release|Any CPU.ActiveCfg = Release|Any CPU
		{2927EA4F-44EF-45DB-9BD1-D40252619441}.Release|Any CPU.Build.0 = Release|Any CPU
	EndGlobalSection
	GlobalSection(SolutionProperties) = preSolution
		HideSolutionNode = FALSE
	EndGlobalSection
	GlobalSection(ExtensibilityGlobals) = postSolution
		SolutionGuid = {79A6C1C1-3847-4A39-9896-AAADF8CD4EDD}
	EndGlobalSection
EndGlobal
